
Microsoft Visual Studio Solution File, Format Version 12.00
# Visual Studio 15
VisualStudioVersion = 15.0.28307.902
MinimumVisualStudioVersion = 10.0.40219.1
Project("{8BC9CEB8-8B4A-11D0-8D11-00A0C91BC942}") = "Client", "Client\Client.vcxproj", "{C99014F9-E663-4C03-86C6-A20FC66AD07A}"
EndProject
Project("{8BC9CEB8-8B4A-11D0-8D11-00A0C91BC942}") = "Server", "Server\Server.vcxproj", "{45532327-C983-4B82-BB8B-81B560639D5B}"
EndProject
Global
	GlobalSection(SolutionConfigurationPlatforms) = preSolution
		Debug|x64 = Debug|x64
		Debug|x86 = Debug|x86
		Release|x64 = Release|x64
		Release|x86 = Release|x86
	EndGlobalSection
	GlobalSection(ProjectConfigurationPlatforms) = postSolution
		{C99014F9-E663-4C03-86C6-A20FC66AD07A}.Debug|x64.ActiveCfg = Debug|x64
		{C99014F9-E663-4C03-86C6-A20FC66AD07A}.Debug|x64.Build.0 = Debug|x64
		{C99014F9-E663-4C03-86C6-A20FC66AD07A}.Debug|x86.ActiveCfg = Debug|Win32
		{C99014F9-E663-4C03-86C6-A20FC66AD07A}.Debug|x86.Build.0 = Debug|Win32
		{C99014F9-E663-4C03-86C6-A20FC66AD07A}.Release|x64.ActiveCfg = Release|x64
		{C99014F9-E663-4C03-86C6-A20FC66AD07A}.Release|x64.Build.0 = Release|x64
		{C99014F9-E663-4C03-86C6-A20FC66AD07A}.Release|x86.ActiveCfg = Release|Win32
		{C99014F9-E663-4C03-86C6-A20FC66AD07A}.Release|x86.Build.0 = Release|Win32
		{45532327-C983-4B82-BB8B-81B560639D5B}.Debug|x64.ActiveCfg = Debug|x64
		{45532327-C983-4B82-BB8B-81B560639D5B}.Debug|x64.Build.0 = Debug|x64
		{45532327-C983-4B82-BB8B-81B560639D5B}.Debug|x86.ActiveCfg = Debug|Win32
		{45532327-C983-4B82-BB8B-81B560639D5B}.Debug|x86.Build.0 = Debug|Win32
		{45532327-C983-4B82-BB8B-81B560639D5B}.Release|x64.ActiveCfg = Release|x64
		{45532327-C983-4B82-BB8B-81B560639D5B}.Release|x64.Build.0 = Release|x64
		{45532327-C983-4B82-BB8B-81B560639D5B}.Release|x86.ActiveCfg = Release|Win32
		{45532327-C983-4B82-BB8B-81B560639D5B}.Release|x86.Build.0 = Release|Win32
	EndGlobalSection
	GlobalSection(SolutionProperties) = preSolution
		HideSolutionNode = FALSE
	EndGlobalSection
	GlobalSection(ExtensibilityGlobals) = postSolution
		SolutionGuid = {03D28FEA-B28A-46E4-8252-3F9ECF75592D}
	EndGlobalSection
EndGlobal
